// !$*UTF8*$!
{
	archiveVersion = 1;
	classes = {
	};
	objectVersion = 46;
	objects = {

/* Begin PBXBuildFile section */
		69DBB030B29F89BC323A6296 /* Pods_DevChat.framework in Frameworks */ = {isa = PBXBuildFile; fileRef = 45A9D086A95DDC2B35B0309C /* Pods_DevChat.framework */; };
		CF9B917F1E3AE9090098FDD9 /* AppDelegate.swift in Sources */ = {isa = PBXBuildFile; fileRef = CF9B917E1E3AE9090098FDD9 /* AppDelegate.swift */; };
		CF9B91811E3AE9090098FDD9 /* SignInVC.swift in Sources */ = {isa = PBXBuildFile; fileRef = CF9B91801E3AE9090098FDD9 /* SignInVC.swift */; };
		CF9B91841E3AE9090098FDD9 /* Main.storyboard in Resources */ = {isa = PBXBuildFile; fileRef = CF9B91821E3AE9090098FDD9 /* Main.storyboard */; };
		CF9B91861E3AE9090098FDD9 /* Assets.xcassets in Resources */ = {isa = PBXBuildFile; fileRef = CF9B91851E3AE9090098FDD9 /* Assets.xcassets */; };
		CF9B91891E3AE9090098FDD9 /* LaunchScreen.storyboard in Resources */ = {isa = PBXBuildFile; fileRef = CF9B91871E3AE9090098FDD9 /* LaunchScreen.storyboard */; };
/* End PBXBuildFile section */

/* Begin PBXFileReference section */
		14A08F205D8A67AFD93521EB /* Pods-DevChat.release.xcconfig */ = {isa = PBXFileReference; includeInIndex = 1; lastKnownFileType = text.xcconfig; name = "Pods-DevChat.release.xcconfig"; path = "Pods/Target Support Files/Pods-DevChat/Pods-DevChat.release.xcconfig"; sourceTree = "<group>"; };
		3B88F69223E2C968F4D2FCA8 /* Pods-DevChat.debug.xcconfig */ = {isa = PBXFileReference; includeInIndex = 1; lastKnownFileType = text.xcconfig; name = "Pods-DevChat.debug.xcconfig"; path = "Pods/Target Support Files/Pods-DevChat/Pods-DevChat.debug.xcconfig"; sourceTree = "<group>"; };
		45A9D086A95DDC2B35B0309C /* Pods_DevChat.framework */ = {isa = PBXFileReference; explicitFileType = wrapper.framework; includeInIndex = 0; path = Pods_DevChat.framework; sourceTree = BUILT_PRODUCTS_DIR; };
		CF9B917B1E3AE9090098FDD9 /* DevChat.app */ = {isa = PBXFileReference; explicitFileType = wrapper.application; includeInIndex = 0; path = DevChat.app; sourceTree = BUILT_PRODUCTS_DIR; };
		CF9B917E1E3AE9090098FDD9 /* AppDelegate.swift */ = {isa = PBXFileReference; lastKnownFileType = sourcecode.swift; path = AppDelegate.swift; sourceTree = "<group>"; };
		CF9B91801E3AE9090098FDD9 /* SignInVC.swift */ = {isa = PBXFileReference; lastKnownFileType = sourcecode.swift; path = SignInVC.swift; sourceTree = "<group>"; };
		CF9B91831E3AE9090098FDD9 /* Base */ = {isa = PBXFileReference; lastKnownFileType = file.storyboard; name = Base; path = Base.lproj/Main.storyboard; sourceTree = "<group>"; };
		CF9B91851E3AE9090098FDD9 /* Assets.xcassets */ = {isa = PBXFileReference; lastKnownFileType = folder.assetcatalog; path = Assets.xcassets; sourceTree = "<group>"; };
		CF9B91881E3AE9090098FDD9 /* Base */ = {isa = PBXFileReference; lastKnownFileType = file.storyboard; name = Base; path = Base.lproj/LaunchScreen.storyboard; sourceTree = "<group>"; };
		CF9B918A1E3AE9090098FDD9 /* Info.plist */ = {isa = PBXFileReference; lastKnownFileType = text.plist.xml; path = Info.plist; sourceTree = "<group>"; };
/* End PBXFileReference section */

/* Begin PBXFrameworksBuildPhase section */
		CF9B91781E3AE9090098FDD9 /* Frameworks */ = {
			isa = PBXFrameworksBuildPhase;
			buildActionMask = 2147483647;
			files = (
				69DBB030B29F89BC323A6296 /* Pods_DevChat.framework in Frameworks */,
			);
			runOnlyForDeploymentPostprocessing = 0;
		};
/* End PBXFrameworksBuildPhase section */

/* Begin PBXGroup section */
		89B32EF5E87B1BB3DE371EC8 /* Frameworks */ = {
			isa = PBXGroup;
			children = (
				45A9D086A95DDC2B35B0309C /* Pods_DevChat.framework */,
			);
			name = Frameworks;
			sourceTree = "<group>";
		};
		CF58E55F1ECE8DA10075EC86 /* Model */ = {
			isa = PBXGroup;
			children = (
			);
			name = Model;
			sourceTree = "<group>";
		};
		CF58E5601ECE8DA80075EC86 /* View */ = {
			isa = PBXGroup;
			children = (
			);
			name = View;
			sourceTree = "<group>";
		};
		CF58E5611ECE8DBE0075EC86 /* Controller */ = {
			isa = PBXGroup;
			children = (
				CF9B91801E3AE9090098FDD9 /* SignInVC.swift */,
			);
			name = Controller;
			sourceTree = "<group>";
		};
		CF9B91721E3AE9090098FDD9 = {
			isa = PBXGroup;
			children = (
				CF9B917D1E3AE9090098FDD9 /* DevChat */,
				CF9B917C1E3AE9090098FDD9 /* Products */,
				F5C3A4F654BF7D83DFC1E225 /* Pods */,
				89B32EF5E87B1BB3DE371EC8 /* Frameworks */,
			);
			sourceTree = "<group>";
		};
		CF9B917C1E3AE9090098FDD9 /* Products */ = {
			isa = PBXGroup;
			children = (
				CF9B917B1E3AE9090098FDD9 /* DevChat.app */,
			);
			name = Products;
			sourceTree = "<group>";
		};
		CF9B917D1E3AE9090098FDD9 /* DevChat */ = {
			isa = PBXGroup;
			children = (
				CF58E55F1ECE8DA10075EC86 /* Model */,
				CF58E5611ECE8DBE0075EC86 /* Controller */,
				CF58E5601ECE8DA80075EC86 /* View */,
				CF9B917E1E3AE9090098FDD9 /* AppDelegate.swift */,
				CF9B91821E3AE9090098FDD9 /* Main.storyboard */,
				CF9B91851E3AE9090098FDD9 /* Assets.xcassets */,
				CF9B91871E3AE9090098FDD9 /* LaunchScreen.storyboard */,
				CF9B918A1E3AE9090098FDD9 /* Info.plist */,
			);
			path = DevChat;
			sourceTree = "<group>";
		};
		F5C3A4F654BF7D83DFC1E225 /* Pods */ = {
			isa = PBXGroup;
			children = (
				3B88F69223E2C968F4D2FCA8 /* Pods-DevChat.debug.xcconfig */,
				14A08F205D8A67AFD93521EB /* Pods-DevChat.release.xcconfig */,
			);
			name = Pods;
			sourceTree = "<group>";
		};
/* End PBXGroup section */

/* Begin PBXNativeTarget section */
		CF9B917A1E3AE9090098FDD9 /* DevChat */ = {
			isa = PBXNativeTarget;
			buildConfigurationList = CF9B918D1E3AE9090098FDD9 /* Build configuration list for PBXNativeTarget "DevChat" */;
			buildPhases = (
				275E661677F6828DB6B50CA3 /* [CP] Check Pods Manifest.lock */,
				CF9B91771E3AE9090098FDD9 /* Sources */,
				CF9B91781E3AE9090098FDD9 /* Frameworks */,
				CF9B91791E3AE9090098FDD9 /* Resources */,
				1D291A27C988933E3ECC5037 /* [CP] Embed Pods Frameworks */,
				84D4447D7DBBA5ED02FB2FC3 /* [CP] Copy Pods Resources */,
			);
			buildRules = (
			);
			dependencies = (
			);
			name = DevChat;
			productName = DevChat;
			productReference = CF9B917B1E3AE9090098FDD9 /* DevChat.app */;
			productType = "com.apple.product-type.application";
		};
/* End PBXNativeTarget section */

/* Begin PBXProject section */
		CF9B91731E3AE9090098FDD9 /* Project object */ = {
			isa = PBXProject;
			attributes = {
				LastSwiftUpdateCheck = 0820;
				LastUpgradeCheck = 0820;
				ORGANIZATIONNAME = "Sebastian DiPirro";
				TargetAttributes = {
					CF9B917A1E3AE9090098FDD9 = {
						CreatedOnToolsVersion = 8.2.1;
						DevelopmentTeam = 69RY2JHLT6;
						ProvisioningStyle = Automatic;
					};
				};
			};
			buildConfigurationList = CF9B91761E3AE9090098FDD9 /* Build configuration list for PBXProject "DevChat" */;
			compatibilityVersion = "Xcode 3.2";
			developmentRegion = English;
			hasScannedForEncodings = 0;
			knownRegions = (
				en,
				Base,
			);
			mainGroup = CF9B91721E3AE9090098FDD9;
			productRefGroup = CF9B917C1E3AE9090098FDD9 /* Products */;
			projectDirPath = "";
			projectRoot = "";
			targets = (
				CF9B917A1E3AE9090098FDD9 /* DevChat */,
			);
		};
/* End PBXProject section */

/* Begin PBXResourcesBuildPhase section */
		CF9B91791E3AE9090098FDD9 /* Resources */ = {
			isa = PBXResourcesBuildPhase;
			buildActionMask = 2147483647;
			files = (
				CF9B91891E3AE9090098FDD9 /* LaunchScreen.storyboard in Resources */,
				CF9B91861E3AE9090098FDD9 /* Assets.xcassets in Resources */,
				CF9B91841E3AE9090098FDD9 /* Main.storyboard in Resources */,
			);
			runOnlyForDeploymentPostprocessing = 0;
		};
/* End PBXResourcesBuildPhase section */

/* Begin PBXShellScriptBuildPhase section */
		1D291A27C988933E3ECC5037 /* [CP] Embed Pods Frameworks */ = {
			isa = PBXShellScriptBuildPhase;
			buildActionMask = 2147483647;
			files = (
			);
			inputPaths = (
			);
			name = "[CP] Embed Pods Frameworks";
			outputPaths = (
			);
			runOnlyForDeploymentPostprocessing = 0;
			shellPath = /bin/sh;
			shellScript = "\"${SRCROOT}/Pods/Target Support Files/Pods-DevChat/Pods-DevChat-frameworks.sh\"\n";
			showEnvVarsInLog = 0;
		};
		275E661677F6828DB6B50CA3 /* [CP] Check Pods Manifest.lock */ = {
			isa = PBXShellScriptBuildPhase;
			buildActionMask = 2147483647;
			files = (
			);
			inputPaths = (
			);
			name = "[CP] Check Pods Manifest.lock";
			outputPaths = (
			);
			runOnlyForDeploymentPostprocessing = 0;
			shellPath = /bin/sh;
			shellScript = "diff \"${PODS_ROOT}/../Podfile.lock\" \"${PODS_ROOT}/Manifest.lock\" > /dev/null\nif [ $? != 0 ] ; then\n    # print error to STDERR\n    echo \"error: The sandbox is not in sync with the Podfile.lock. Run 'pod install' or update your CocoaPods installation.\" >&2\n    exit 1\nfi\n";
			showEnvVarsInLog = 0;
		};
		84D4447D7DBBA5ED02FB2FC3 /* [CP] Copy Pods Resources */ = {
			isa = PBXShellScriptBuildPhase;
			buildActionMask = 2147483647;
			files = (
			);
			inputPaths = (
			);
			name = "[CP] Copy Pods Resources";
			outputPaths = (
			);
			runOnlyForDeploymentPostprocessing = 0;
			shellPath = /bin/sh;
			shellScript = "\"${SRCROOT}/Pods/Target Support Files/Pods-DevChat/Pods-DevChat-resources.sh\"\n";
			showEnvVarsInLog = 0;
		};
/* End PBXShellScriptBuildPhase section */

/* Begin PBXSourcesBuildPhase section */
		CF9B91771E3AE9090098FDD9 /* Sources */ = {
			isa = PBXSourcesBuildPhase;
			buildActionMask = 2147483647;
			files = (
				CF9B91811E3AE9090098FDD9 /* SignInVC.swift in Sources */,
				CF9B917F1E3AE9090098FDD9 /* AppDelegate.swift in Sources */,
			);
			runOnlyForDeploymentPostprocessing = 0;
		};
/* End PBXSourcesBuildPhase section */

/* Begin PBXVariantGroup section */
		CF9B91821E3AE9090098FDD9 /* Main.storyboard */ = {
			isa = PBXVariantGroup;
			children = (
				CF9B91831E3AE9090098FDD9 /* Base */,
			);
			name = Main.storyboard;
			sourceTree = "<group>";
		};
		CF9B91871E3AE9090098FDD9 /* LaunchScreen.storyboard */ = {
			isa = PBXVariantGroup;
			children = (
				CF9B91881E3AE9090098FDD9 /* Base */,
			);
			name = LaunchScreen.storyboard;
			sourceTree = "<group>";
		};
/* End PBXVariantGroup section */

/* Begin XCBuildConfiguration section */
		CF9B918B1E3AE9090098FDD9 /* Debug */ = {
			isa = XCBuildConfiguration;
			buildSettings = {
				ALWAYS_SEARCH_USER_PATHS = NO;
				CLANG_ANALYZER_NONNULL = YES;
				CLANG_CXX_LANGUAGE_STANDARD = "gnu++0x";
				CLANG_CXX_LIBRARY = "libc++";
				CLANG_ENABLE_MODULES = YES;
				CLANG_ENABLE_OBJC_ARC = YES;
				CLANG_WARN_BOOL_CONVERSION = YES;
				CLANG_WARN_CONSTANT_CONVERSION = YES;
				CLANG_WARN_DIRECT_OBJC_ISA_USAGE = YES_ERROR;
				CLANG_WARN_DOCUMENTATION_COMMENTS = YES;
				CLANG_WARN_EMPTY_BODY = YES;
				CLANG_WARN_ENUM_CONVERSION = YES;
				CLANG_WARN_INFINITE_RECURSION = YES;
				CLANG_WARN_INT_CONVERSION = YES;
				CLANG_WARN_OBJC_ROOT_CLASS = YES_ERROR;
				CLANG_WARN_SUSPICIOUS_MOVE = YES;
				CLANG_WARN_UNREACHABLE_CODE = YES;
				CLANG_WARN__DUPLICATE_METHOD_MATCH = YES;
				"CODE_SIGN_IDENTITY[sdk=iphoneos*]" = "iPhone Developer";
				COPY_PHASE_STRIP = NO;
				DEBUG_INFORMATION_FORMAT = dwarf;
				ENABLE_STRICT_OBJC_MSGSEND = YES;
				ENABLE_TESTABILITY = YES;
				GCC_C_LANGUAGE_STANDARD = gnu99;
				GCC_DYNAMIC_NO_PIC = NO;
				GCC_NO_COMMON_BLOCKS = YES;
				GCC_OPTIMIZATION_LEVEL = 0;
				GCC_PREPROCESSOR_DEFINITIONS = (
					"DEBUG=1",
					"$(inherited)",
				);
				GCC_WARN_64_TO_32_BIT_CONVERSION = YES;
				GCC_WARN_ABOUT_RETURN_TYPE = YES_ERROR;
				GCC_WARN_UNDECLARED_SELECTOR = YES;
				GCC_WARN_UNINITIALIZED_AUTOS = YES_AGGRESSIVE;
				GCC_WARN_UNUSED_FUNCTION = YES;
				GCC_WARN_UNUSED_VARIABLE = YES;
				IPHONEOS_DEPLOYMENT_TARGET = 10.2;
				MTL_ENABLE_DEBUG_INFO = YES;
				ONLY_ACTIVE_ARCH = YES;
				SDKROOT = iphoneos;
				SWIFT_ACTIVE_COMPILATION_CONDITIONS = DEBUG;
				SWIFT_OPTIMIZATION_LEVEL = "-Onone";
				TARGETED_DEVICE_FAMILY = "1,2";
			};
			name = Debug;
		};
		CF9B918C1E3AE9090098FDD9 /* Release */ = {
			isa = XCBuildConfiguration;
			buildSettings = {
				ALWAYS_SEARCH_USER_PATHS = NO;
				CLANG_ANALYZER_NONNULL = YES;
				CLANG_CXX_LANGUAGE_STANDARD = "gnu++0x";
				CLANG_CXX_LIBRARY = "libc++";
				CLANG_ENABLE_MODULES = YES;
				CLANG_ENABLE_OBJC_ARC = YES;
				CLANG_WARN_BOOL_CONVERSION = YES;
				CLANG_WARN_CONSTANT_CONVERSION = YES;
				CLANG_WARN_DIRECT_OBJC_ISA_USAGE = YES_ERROR;
				CLANG_WARN_DOCUMENTATION_COMMENTS = YES;
				CLANG_WARN_EMPTY_BODY = YES;
				CLANG_WARN_ENUM_CONVERSION = YES;
				CLANG_WARN_INFINITE_RECURSION = YES;
				CLANG_WARN_INT_CONVERSION = YES;
				CLANG_WARN_OBJC_ROOT_CLASS = YES_ERROR;
				CLANG_WARN_SUSPICIOUS_MOVE = YES;
				CLANG_WARN_UNREACHABLE_CODE = YES;
				CLANG_WARN__DUPLICATE_METHOD_MATCH = YES;
				"CODE_SIGN_IDENTITY[sdk=iphoneos*]" = "iPhone Developer";
				COPY_PHASE_STRIP = NO;
				DEBUG_INFORMATION_FORMAT = "dwarf-with-dsym";
				ENABLE_NS_ASSERTIONS = NO;
				ENABLE_STRICT_OBJC_MSGSEND = YES;
				GCC_C_LANGUAGE_STANDARD = gnu99;
				GCC_NO_COMMON_BLOCKS = YES;
				GCC_WARN_64_TO_32_BIT_CONVERSION = YES;
				GCC_WARN_ABOUT_RETURN_TYPE = YES_ERROR;
				GCC_WARN_UNDECLARED_SELECTOR = YES;
				GCC_WARN_UNINITIALIZED_AUTOS = YES_AGGRESSIVE;
				GCC_WARN_UNUSED_FUNCTION = YES;
				GCC_WARN_UNUSED_VARIABLE = YES;
				IPHONEOS_DEPLOYMENT_TARGET = 10.2;
				MTL_ENABLE_DEBUG_INFO = NO;
				SDKROOT = iphoneos;
				SWIFT_OPTIMIZATION_LEVEL = "-Owholemodule";
				TARGETED_DEVICE_FAMILY = "1,2";
				VALIDATE_PRODUCT = YES;
			};
			name = Release;
		};
		CF9B918E1E3AE9090098FDD9 /* Debug */ = {
			isa = XCBuildConfiguration;
			baseConfigurationReference = 3B88F69223E2C968F4D2FCA8 /* Pods-DevChat.debug.xcconfig */;
			buildSettings = {
				ASSETCATALOG_COMPILER_APPICON_NAME = AppIcon;
				DEVELOPMENT_TEAM = 69RY2JHLT6;
				INFOPLIST_FILE = DevChat/Info.plist;
				LD_RUNPATH_SEARCH_PATHS = "$(inherited) @executable_path/Frameworks";
				PRODUCT_BUNDLE_IDENTIFIER = Finn.DevChat;
				PRODUCT_NAME = "$(TARGET_NAME)";
				SWIFT_VERSION = 3.0;
			};
			name = Debug;
		};
		CF9B918F1E3AE9090098FDD9 /* Release */ = {
			isa = XCBuildConfiguration;
			baseConfigurationReference = 14A08F205D8A67AFD93521EB /* Pods-DevChat.release.xcconfig */;
			buildSettings = {
				ASSETCATALOG_COMPILER_APPICON_NAME = AppIcon;
				DEVELOPMENT_TEAM = 69RY2JHLT6;
				INFOPLIST_FILE = DevChat/Info.plist;
				LD_RUNPATH_SEARCH_PATHS = "$(inherited) @executable_path/Frameworks";
				PRODUCT_BUNDLE_IDENTIFIER = Finn.DevChat;
				PRODUCT_NAME = "$(TARGET_NAME)";
				SWIFT_VERSION = 3.0;
			};
			name = Release;
		};
/* End XCBuildConfiguration section */

/* Begin XCConfigurationList section */
		CF9B91761E3AE9090098FDD9 /* Build configuration list for PBXProject "DevChat" */ = {
			isa = XCConfigurationList;
			buildConfigurations = (
				CF9B918B1E3AE9090098FDD9 /* Debug */,
				CF9B918C1E3AE9090098FDD9 /* Release */,
			);
			defaultConfigurationIsVisible = 0;
			defaultConfigurationName = Release;
		};
		CF9B918D1E3AE9090098FDD9 /* Build configuration list for PBXNativeTarget "DevChat" */ = {
			isa = XCConfigurationList;
			buildConfigurations = (
				CF9B918E1E3AE9090098FDD9 /* Debug */,
				CF9B918F1E3AE9090098FDD9 /* Release */,
			);
			defaultConfigurationIsVisible = 0;
			defaultConfigurationName = Release;
		};
/* End XCConfigurationList section */
	};
	rootObject = CF9B91731E3AE9090098FDD9 /* Project object */;
}
